// !$*UTF8*$!
{
	archiveVersion = 1;
	classes = {
	};
	objectVersion = 50;
	objects = {

/* Begin PBXBuildFile section */
		4C1B3ABA252D62EB001E2ADC /* GithubUser.m in Sources */ = {isa = PBXBuildFile; fileRef = 4C1B3AB9252D62EB001E2ADC /* GithubUser.m */; };
		4C1B3ABF252DAC0A001E2ADC /* GithubUserCell.m in Sources */ = {isa = PBXBuildFile; fileRef = 4C1B3ABE252DAC0A001E2ADC /* GithubUserCell.m */; };
		4C6A44ED253E7BF300BA79E2 /* GithubAPIHandler.m in Sources */ = {isa = PBXBuildFile; fileRef = 4C6A44EC253E7BF300BA79E2 /* GithubAPIHandler.m */; };
		4C7282D1252DC4FA007B945C /* SecondViewController.m in Sources */ = {isa = PBXBuildFile; fileRef = 4C7282D0252DC4FA007B945C /* SecondViewController.m */; };
		4CD786CF252C5F64007011E3 /* AppDelegate.m in Sources */ = {isa = PBXBuildFile; fileRef = 4CD786CE252C5F64007011E3 /* AppDelegate.m */; };
		4CD786D2252C5F64007011E3 /* SceneDelegate.m in Sources */ = {isa = PBXBuildFile; fileRef = 4CD786D1252C5F64007011E3 /* SceneDelegate.m */; };
		4CD786D5252C5F64007011E3 /* ViewController.m in Sources */ = {isa = PBXBuildFile; fileRef = 4CD786D4252C5F64007011E3 /* ViewController.m */; };
		4CD786D8252C5F64007011E3 /* Main.storyboard in Resources */ = {isa = PBXBuildFile; fileRef = 4CD786D6252C5F64007011E3 /* Main.storyboard */; };
		4CD786DA252C5F65007011E3 /* Assets.xcassets in Resources */ = {isa = PBXBuildFile; fileRef = 4CD786D9252C5F65007011E3 /* Assets.xcassets */; };
		4CD786DD252C5F65007011E3 /* LaunchScreen.storyboard in Resources */ = {isa = PBXBuildFile; fileRef = 4CD786DB252C5F65007011E3 /* LaunchScreen.storyboard */; };
		4CD786E0252C5F65007011E3 /* main.m in Sources */ = {isa = PBXBuildFile; fileRef = 4CD786DF252C5F65007011E3 /* main.m */; };
		4CD786EA252C5F66007011E3 /* Github_ListTests.m in Sources */ = {isa = PBXBuildFile; fileRef = 4CD786E9252C5F66007011E3 /* Github_ListTests.m */; };
		4CD786F5252C5F66007011E3 /* Github_ListUITests.m in Sources */ = {isa = PBXBuildFile; fileRef = 4CD786F4252C5F66007011E3 /* Github_ListUITests.m */; };
/* End PBXBuildFile section */

/* Begin PBXContainerItemProxy section */
		4CD786E6252C5F66007011E3 /* PBXContainerItemProxy */ = {
			isa = PBXContainerItemProxy;
			containerPortal = 4CD786C2252C5F64007011E3 /* Project object */;
			proxyType = 1;
			remoteGlobalIDString = 4CD786C9252C5F64007011E3;
			remoteInfo = "Github List";
		};
		4CD786F1252C5F66007011E3 /* PBXContainerItemProxy */ = {
			isa = PBXContainerItemProxy;
			containerPortal = 4CD786C2252C5F64007011E3 /* Project object */;
			proxyType = 1;
			remoteGlobalIDString = 4CD786C9252C5F64007011E3;
			remoteInfo = "Github List";
		};
/* End PBXContainerItemProxy section */

/* Begin PBXFileReference section */
		4C1B3AB8252D62EB001E2ADC /* GithubUser.h */ = {isa = PBXFileReference; lastKnownFileType = sourcecode.c.h; path = GithubUser.h; sourceTree = "<group>"; };
		4C1B3AB9252D62EB001E2ADC /* GithubUser.m */ = {isa = PBXFileReference; lastKnownFileType = sourcecode.c.objc; path = GithubUser.m; sourceTree = "<group>"; };
		4C1B3ABD252DAC0A001E2ADC /* GithubUserCell.h */ = {isa = PBXFileReference; lastKnownFileType = sourcecode.c.h; path = GithubUserCell.h; sourceTree = "<group>"; };
		4C1B3ABE252DAC0A001E2ADC /* GithubUserCell.m */ = {isa = PBXFileReference; lastKnownFileType = sourcecode.c.objc; path = GithubUserCell.m; sourceTree = "<group>"; };
		4C6A44EB253E7BF300BA79E2 /* GithubAPIHandler.h */ = {isa = PBXFileReference; lastKnownFileType = sourcecode.c.h; path = GithubAPIHandler.h; sourceTree = "<group>"; };
		4C6A44EC253E7BF300BA79E2 /* GithubAPIHandler.m */ = {isa = PBXFileReference; lastKnownFileType = sourcecode.c.objc; path = GithubAPIHandler.m; sourceTree = "<group>"; };
		4C7282CF252DC4FA007B945C /* SecondViewController.h */ = {isa = PBXFileReference; lastKnownFileType = sourcecode.c.h; path = SecondViewController.h; sourceTree = "<group>"; };
		4C7282D0252DC4FA007B945C /* SecondViewController.m */ = {isa = PBXFileReference; lastKnownFileType = sourcecode.c.objc; path = SecondViewController.m; sourceTree = "<group>"; };
		4CC7301B2539356C008E3F5C /* Github List.entitlements */ = {isa = PBXFileReference; lastKnownFileType = text.plist.entitlements; path = "Github List.entitlements"; sourceTree = "<group>"; };
		4CD786CA252C5F64007011E3 /* Github List.app */ = {isa = PBXFileReference; explicitFileType = wrapper.application; includeInIndex = 0; path = "Github List.app"; sourceTree = BUILT_PRODUCTS_DIR; };
		4CD786CD252C5F64007011E3 /* AppDelegate.h */ = {isa = PBXFileReference; lastKnownFileType = sourcecode.c.h; path = AppDelegate.h; sourceTree = "<group>"; };
		4CD786CE252C5F64007011E3 /* AppDelegate.m */ = {isa = PBXFileReference; lastKnownFileType = sourcecode.c.objc; path = AppDelegate.m; sourceTree = "<group>"; };
		4CD786D0252C5F64007011E3 /* SceneDelegate.h */ = {isa = PBXFileReference; lastKnownFileType = sourcecode.c.h; path = SceneDelegate.h; sourceTree = "<group>"; };
		4CD786D1252C5F64007011E3 /* SceneDelegate.m */ = {isa = PBXFileReference; lastKnownFileType = sourcecode.c.objc; path = SceneDelegate.m; sourceTree = "<group>"; };
		4CD786D3252C5F64007011E3 /* ViewController.h */ = {isa = PBXFileReference; lastKnownFileType = sourcecode.c.h; path = ViewController.h; sourceTree = "<group>"; };
		4CD786D4252C5F64007011E3 /* ViewController.m */ = {isa = PBXFileReference; lastKnownFileType = sourcecode.c.objc; path = ViewController.m; sourceTree = "<group>"; };
		4CD786D7252C5F64007011E3 /* Base */ = {isa = PBXFileReference; lastKnownFileType = file.storyboard; name = Base; path = Base.lproj/Main.storyboard; sourceTree = "<group>"; };
		4CD786D9252C5F65007011E3 /* Assets.xcassets */ = {isa = PBXFileReference; lastKnownFileType = folder.assetcatalog; path = Assets.xcassets; sourceTree = "<group>"; };
		4CD786DC252C5F65007011E3 /* Base */ = {isa = PBXFileReference; lastKnownFileType = file.storyboard; name = Base; path = Base.lproj/LaunchScreen.storyboard; sourceTree = "<group>"; };
		4CD786DE252C5F65007011E3 /* Info.plist */ = {isa = PBXFileReference; lastKnownFileType = text.plist.xml; path = Info.plist; sourceTree = "<group>"; };
		4CD786DF252C5F65007011E3 /* main.m */ = {isa = PBXFileReference; lastKnownFileType = sourcecode.c.objc; path = main.m; sourceTree = "<group>"; };
		4CD786E5252C5F66007011E3 /* Github ListTests.xctest */ = {isa = PBXFileReference; explicitFileType = wrapper.cfbundle; includeInIndex = 0; path = "Github ListTests.xctest"; sourceTree = BUILT_PRODUCTS_DIR; };
		4CD786E9252C5F66007011E3 /* Github_ListTests.m */ = {isa = PBXFileReference; lastKnownFileType = sourcecode.c.objc; path = Github_ListTests.m; sourceTree = "<group>"; };
		4CD786EB252C5F66007011E3 /* Info.plist */ = {isa = PBXFileReference; lastKnownFileType = text.plist.xml; path = Info.plist; sourceTree = "<group>"; };
		4CD786F0252C5F66007011E3 /* Github ListUITests.xctest */ = {isa = PBXFileReference; explicitFileType = wrapper.cfbundle; includeInIndex = 0; path = "Github ListUITests.xctest"; sourceTree = BUILT_PRODUCTS_DIR; };
		4CD786F4252C5F66007011E3 /* Github_ListUITests.m */ = {isa = PBXFileReference; lastKnownFileType = sourcecode.c.objc; path = Github_ListUITests.m; sourceTree = "<group>"; };
		4CD786F6252C5F66007011E3 /* Info.plist */ = {isa = PBXFileReference; lastKnownFileType = text.plist.xml; path = Info.plist; sourceTree = "<group>"; };
/* End PBXFileReference section */

/* Begin PBXFrameworksBuildPhase section */
		4CD786C7252C5F64007011E3 /* Frameworks */ = {
			isa = PBXFrameworksBuildPhase;
			buildActionMask = 2147483647;
			files = (
			);
			runOnlyForDeploymentPostprocessing = 0;
		};
		4CD786E2252C5F66007011E3 /* Frameworks */ = {
			isa = PBXFrameworksBuildPhase;
			buildActionMask = 2147483647;
			files = (
			);
			runOnlyForDeploymentPostprocessing = 0;
		};
		4CD786ED252C5F66007011E3 /* Frameworks */ = {
			isa = PBXFrameworksBuildPhase;
			buildActionMask = 2147483647;
			files = (
			);
			runOnlyForDeploymentPostprocessing = 0;
		};
/* End PBXFrameworksBuildPhase section */

/* Begin PBXGroup section */
		4C1B3ABC252DABDA001E2ADC /* GithubUserCell */ = {
			isa = PBXGroup;
			children = (
				4C1B3ABD252DAC0A001E2ADC /* GithubUserCell.h */,
				4C1B3ABE252DAC0A001E2ADC /* GithubUserCell.m */,
			);
			path = GithubUserCell;
			sourceTree = "<group>";
		};
		4C6A44EA253E7B7800BA79E2 /* Functions */ = {
			isa = PBXGroup;
			children = (
				4C6A44EB253E7BF300BA79E2 /* GithubAPIHandler.h */,
				4C6A44EC253E7BF300BA79E2 /* GithubAPIHandler.m */,
			);
			path = Functions;
			sourceTree = "<group>";
		};
		4C99928E252EA2D700D1C09F /* ViewControllers */ = {
			isa = PBXGroup;
			children = (
				4CD786D3252C5F64007011E3 /* ViewController.h */,
				4CD786D4252C5F64007011E3 /* ViewController.m */,
				4CD786D6252C5F64007011E3 /* Main.storyboard */,
				4C7282CF252DC4FA007B945C /* SecondViewController.h */,
				4C7282D0252DC4FA007B945C /* SecondViewController.m */,
			);
			path = ViewControllers;
			sourceTree = "<group>";
		};
		4C99928F252EA32400D1C09F /* Beans */ = {
			isa = PBXGroup;
			children = (
				4C1B3AB8252D62EB001E2ADC /* GithubUser.h */,
				4C1B3AB9252D62EB001E2ADC /* GithubUser.m */,
			);
			path = Beans;
			sourceTree = "<group>";
		};
		4CD786C1252C5F64007011E3 = {
			isa = PBXGroup;
			children = (
				4CD786CC252C5F64007011E3 /* Github List */,
				4CD786E8252C5F66007011E3 /* Github ListTests */,
				4CD786F3252C5F66007011E3 /* Github ListUITests */,
				4CD786CB252C5F64007011E3 /* Products */,
			);
			sourceTree = "<group>";
		};
		4CD786CB252C5F64007011E3 /* Products */ = {
			isa = PBXGroup;
			children = (
				4CD786CA252C5F64007011E3 /* Github List.app */,
				4CD786E5252C5F66007011E3 /* Github ListTests.xctest */,
				4CD786F0252C5F66007011E3 /* Github ListUITests.xctest */,
			);
			name = Products;
			sourceTree = "<group>";
		};
		4CD786CC252C5F64007011E3 /* Github List */ = {
			isa = PBXGroup;
			children = (
				4C6A44EA253E7B7800BA79E2 /* Functions */,
				4CC7301B2539356C008E3F5C /* Github List.entitlements */,
				4C99928F252EA32400D1C09F /* Beans */,
				4C99928E252EA2D700D1C09F /* ViewControllers */,
				4C1B3ABC252DABDA001E2ADC /* GithubUserCell */,
				4CD786CD252C5F64007011E3 /* AppDelegate.h */,
				4CD786CE252C5F64007011E3 /* AppDelegate.m */,
				4CD786D0252C5F64007011E3 /* SceneDelegate.h */,
				4CD786D1252C5F64007011E3 /* SceneDelegate.m */,
				4CD786D9252C5F65007011E3 /* Assets.xcassets */,
				4CD786DB252C5F65007011E3 /* LaunchScreen.storyboard */,
				4CD786DE252C5F65007011E3 /* Info.plist */,
				4CD786DF252C5F65007011E3 /* main.m */,
			);
			path = "Github List";
			sourceTree = "<group>";
		};
		4CD786E8252C5F66007011E3 /* Github ListTests */ = {
			isa = PBXGroup;
			children = (
				4CD786E9252C5F66007011E3 /* Github_ListTests.m */,
				4CD786EB252C5F66007011E3 /* Info.plist */,
			);
			path = "Github ListTests";
			sourceTree = "<group>";
		};
		4CD786F3252C5F66007011E3 /* Github ListUITests */ = {
			isa = PBXGroup;
			children = (
				4CD786F4252C5F66007011E3 /* Github_ListUITests.m */,
				4CD786F6252C5F66007011E3 /* Info.plist */,
			);
			path = "Github ListUITests";
			sourceTree = "<group>";
		};
/* End PBXGroup section */

/* Begin PBXNativeTarget section */
		4CD786C9252C5F64007011E3 /* Github List */ = {
			isa = PBXNativeTarget;
			buildConfigurationList = 4CD786F9252C5F66007011E3 /* Build configuration list for PBXNativeTarget "Github List" */;
			buildPhases = (
				4CD786C6252C5F64007011E3 /* Sources */,
				4CD786C7252C5F64007011E3 /* Frameworks */,
				4CD786C8252C5F64007011E3 /* Resources */,
			);
			buildRules = (
			);
			dependencies = (
			);
			name = "Github List";
			productName = "Github List";
			productReference = 4CD786CA252C5F64007011E3 /* Github List.app */;
			productType = "com.apple.product-type.application";
		};
		4CD786E4252C5F66007011E3 /* Github ListTests */ = {
			isa = PBXNativeTarget;
			buildConfigurationList = 4CD786FC252C5F66007011E3 /* Build configuration list for PBXNativeTarget "Github ListTests" */;
			buildPhases = (
				4CD786E1252C5F66007011E3 /* Sources */,
				4CD786E2252C5F66007011E3 /* Frameworks */,
				4CD786E3252C5F66007011E3 /* Resources */,
			);
			buildRules = (
			);
			dependencies = (
				4CD786E7252C5F66007011E3 /* PBXTargetDependency */,
			);
			name = "Github ListTests";
			productName = "Github ListTests";
			productReference = 4CD786E5252C5F66007011E3 /* Github ListTests.xctest */;
			productType = "com.apple.product-type.bundle.unit-test";
		};
		4CD786EF252C5F66007011E3 /* Github ListUITests */ = {
			isa = PBXNativeTarget;
			buildConfigurationList = 4CD786FF252C5F66007011E3 /* Build configuration list for PBXNativeTarget "Github ListUITests" */;
			buildPhases = (
				4CD786EC252C5F66007011E3 /* Sources */,
				4CD786ED252C5F66007011E3 /* Frameworks */,
				4CD786EE252C5F66007011E3 /* Resources */,
			);
			buildRules = (
			);
			dependencies = (
				4CD786F2252C5F66007011E3 /* PBXTargetDependency */,
			);
			name = "Github ListUITests";
			productName = "Github ListUITests";
			productReference = 4CD786F0252C5F66007011E3 /* Github ListUITests.xctest */;
			productType = "com.apple.product-type.bundle.ui-testing";
		};
/* End PBXNativeTarget section */

/* Begin PBXProject section */
		4CD786C2252C5F64007011E3 /* Project object */ = {
			isa = PBXProject;
			attributes = {
				LastUpgradeCheck = 1140;
				ORGANIZATIONNAME = "APP技術部-楊朝富";
				TargetAttributes = {
					4CD786C9252C5F64007011E3 = {
						CreatedOnToolsVersion = 11.4.1;
					};
					4CD786E4252C5F66007011E3 = {
						CreatedOnToolsVersion = 11.4.1;
						TestTargetID = 4CD786C9252C5F64007011E3;
					};
					4CD786EF252C5F66007011E3 = {
						CreatedOnToolsVersion = 11.4.1;
						TestTargetID = 4CD786C9252C5F64007011E3;
					};
				};
			};
			buildConfigurationList = 4CD786C5252C5F64007011E3 /* Build configuration list for PBXProject "Github List" */;
			compatibilityVersion = "Xcode 9.3";
			developmentRegion = en;
			hasScannedForEncodings = 0;
			knownRegions = (
				en,
				Base,
			);
			mainGroup = 4CD786C1252C5F64007011E3;
			productRefGroup = 4CD786CB252C5F64007011E3 /* Products */;
			projectDirPath = "";
			projectRoot = "";
			targets = (
				4CD786C9252C5F64007011E3 /* Github List */,
				4CD786E4252C5F66007011E3 /* Github ListTests */,
				4CD786EF252C5F66007011E3 /* Github ListUITests */,
			);
		};
/* End PBXProject section */

/* Begin PBXResourcesBuildPhase section */
		4CD786C8252C5F64007011E3 /* Resources */ = {
			isa = PBXResourcesBuildPhase;
			buildActionMask = 2147483647;
			files = (
				4CD786DD252C5F65007011E3 /* LaunchScreen.storyboard in Resources */,
				4CD786DA252C5F65007011E3 /* Assets.xcassets in Resources */,
				4CD786D8252C5F64007011E3 /* Main.storyboard in Resources */,
			);
			runOnlyForDeploymentPostprocessing = 0;
		};
		4CD786E3252C5F66007011E3 /* Resources */ = {
			isa = PBXResourcesBuildPhase;
			buildActionMask = 2147483647;
			files = (
			);
			runOnlyForDeploymentPostprocessing = 0;
		};
		4CD786EE252C5F66007011E3 /* Resources */ = {
			isa = PBXResourcesBuildPhase;
			buildActionMask = 2147483647;
			files = (
			);
			runOnlyForDeploymentPostprocessing = 0;
		};
/* End PBXResourcesBuildPhase section */

/* Begin PBXSourcesBuildPhase section */
		4CD786C6252C5F64007011E3 /* Sources */ = {
			isa = PBXSourcesBuildPhase;
			buildActionMask = 2147483647;
			files = (
				4C6A44ED253E7BF300BA79E2 /* GithubAPIHandler.m in Sources */,
				4CD786D5252C5F64007011E3 /* ViewController.m in Sources */,
				4C1B3ABF252DAC0A001E2ADC /* GithubUserCell.m in Sources */,
				4CD786CF252C5F64007011E3 /* AppDelegate.m in Sources */,
				4C7282D1252DC4FA007B945C /* SecondViewController.m in Sources */,
				4CD786E0252C5F65007011E3 /* main.m in Sources */,
				4C1B3ABA252D62EB001E2ADC /* GithubUser.m in Sources */,
				4CD786D2252C5F64007011E3 /* SceneDelegate.m in Sources */,
			);
			runOnlyForDeploymentPostprocessing = 0;
		};
		4CD786E1252C5F66007011E3 /* Sources */ = {
			isa = PBXSourcesBuildPhase;
			buildActionMask = 2147483647;
			files = (
				4CD786EA252C5F66007011E3 /* Github_ListTests.m in Sources */,
			);
			runOnlyForDeploymentPostprocessing = 0;
		};
		4CD786EC252C5F66007011E3 /* Sources */ = {
			isa = PBXSourcesBuildPhase;
			buildActionMask = 2147483647;
			files = (
				4CD786F5252C5F66007011E3 /* Github_ListUITests.m in Sources */,
			);
			runOnlyForDeploymentPostprocessing = 0;
		};
/* End PBXSourcesBuildPhase section */

/* Begin PBXTargetDependency section */
		4CD786E7252C5F66007011E3 /* PBXTargetDependency */ = {
			isa = PBXTargetDependency;
			target = 4CD786C9252C5F64007011E3 /* Github List */;
			targetProxy = 4CD786E6252C5F66007011E3 /* PBXContainerItemProxy */;
		};
		4CD786F2252C5F66007011E3 /* PBXTargetDependency */ = {
			isa = PBXTargetDependency;
			target = 4CD786C9252C5F64007011E3 /* Github List */;
			targetProxy = 4CD786F1252C5F66007011E3 /* PBXContainerItemProxy */;
		};
/* End PBXTargetDependency section */

/* Begin PBXVariantGroup section */
		4CD786D6252C5F64007011E3 /* Main.storyboard */ = {
			isa = PBXVariantGroup;
			children = (
				4CD786D7252C5F64007011E3 /* Base */,
			);
			name = Main.storyboard;
			sourceTree = "<group>";
		};
		4CD786DB252C5F65007011E3 /* LaunchScreen.storyboard */ = {
			isa = PBXVariantGroup;
			children = (
				4CD786DC252C5F65007011E3 /* Base */,
			);
			name = LaunchScreen.storyboard;
			sourceTree = "<group>";
		};
/* End PBXVariantGroup section */

/* Begin XCBuildConfiguration section */
		4CD786F7252C5F66007011E3 /* Debug */ = {
			isa = XCBuildConfiguration;
			buildSettings = {
				ALWAYS_SEARCH_USER_PATHS = NO;
				CLANG_ANALYZER_NONNULL = YES;
				CLANG_ANALYZER_NUMBER_OBJECT_CONVERSION = YES_AGGRESSIVE;
				CLANG_CXX_LANGUAGE_STANDARD = "gnu++14";
				CLANG_CXX_LIBRARY = "libc++";
				CLANG_ENABLE_MODULES = YES;
				CLANG_ENABLE_OBJC_ARC = YES;
				CLANG_ENABLE_OBJC_WEAK = YES;
				CLANG_WARN_BLOCK_CAPTURE_AUTORELEASING = YES;
				CLANG_WARN_BOOL_CONVERSION = YES;
				CLANG_WARN_COMMA = YES;
				CLANG_WARN_CONSTANT_CONVERSION = YES;
				CLANG_WARN_DEPRECATED_OBJC_IMPLEMENTATIONS = YES;
				CLANG_WARN_DIRECT_OBJC_ISA_USAGE = YES_ERROR;
				CLANG_WARN_DOCUMENTATION_COMMENTS = YES;
				CLANG_WARN_EMPTY_BODY = YES;
				CLANG_WARN_ENUM_CONVERSION = YES;
				CLANG_WARN_INFINITE_RECURSION = YES;
				CLANG_WARN_INT_CONVERSION = YES;
				CLANG_WARN_NON_LITERAL_NULL_CONVERSION = YES;
				CLANG_WARN_OBJC_IMPLICIT_RETAIN_SELF = YES;
				CLANG_WARN_OBJC_LITERAL_CONVERSION = YES;
				CLANG_WARN_OBJC_ROOT_CLASS = YES_ERROR;
				CLANG_WARN_RANGE_LOOP_ANALYSIS = YES;
				CLANG_WARN_STRICT_PROTOTYPES = YES;
				CLANG_WARN_SUSPICIOUS_MOVE = YES;
				CLANG_WARN_UNGUARDED_AVAILABILITY = YES_AGGRESSIVE;
				CLANG_WARN_UNREACHABLE_CODE = YES;
				CLANG_WARN__DUPLICATE_METHOD_MATCH = YES;
				COPY_PHASE_STRIP = NO;
				DEBUG_INFORMATION_FORMAT = dwarf;
				ENABLE_STRICT_OBJC_MSGSEND = YES;
				ENABLE_TESTABILITY = YES;
				GCC_C_LANGUAGE_STANDARD = gnu11;
				GCC_DYNAMIC_NO_PIC = NO;
				GCC_NO_COMMON_BLOCKS = YES;
				GCC_OPTIMIZATION_LEVEL = 0;
				GCC_PREPROCESSOR_DEFINITIONS = (
					"DEBUG=1",
					"$(inherited)",
				);
				GCC_WARN_64_TO_32_BIT_CONVERSION = YES;
				GCC_WARN_ABOUT_RETURN_TYPE = YES_ERROR;
				GCC_WARN_UNDECLARED_SELECTOR = YES;
				GCC_WARN_UNINITIALIZED_AUTOS = YES_AGGRESSIVE;
				GCC_WARN_UNUSED_FUNCTION = YES;
				GCC_WARN_UNUSED_VARIABLE = YES;
				IPHONEOS_DEPLOYMENT_TARGET = 9.0;
				MTL_ENABLE_DEBUG_INFO = INCLUDE_SOURCE;
				MTL_FAST_MATH = YES;
				ONLY_ACTIVE_ARCH = YES;
				SDKROOT = iphoneos;
			};
			name = Debug;
		};
		4CD786F8252C5F66007011E3 /* Release */ = {
			isa = XCBuildConfiguration;
			buildSettings = {
				ALWAYS_SEARCH_USER_PATHS = NO;
				CLANG_ANALYZER_NONNULL = YES;
				CLANG_ANALYZER_NUMBER_OBJECT_CONVERSION = YES_AGGRESSIVE;
				CLANG_CXX_LANGUAGE_STANDARD = "gnu++14";
				CLANG_CXX_LIBRARY = "libc++";
				CLANG_ENABLE_MODULES = YES;
				CLANG_ENABLE_OBJC_ARC = YES;
				CLANG_ENABLE_OBJC_WEAK = YES;
				CLANG_WARN_BLOCK_CAPTURE_AUTORELEASING = YES;
				CLANG_WARN_BOOL_CONVERSION = YES;
				CLANG_WARN_COMMA = YES;
				CLANG_WARN_CONSTANT_CONVERSION = YES;
				CLANG_WARN_DEPRECATED_OBJC_IMPLEMENTATIONS = YES;
				CLANG_WARN_DIRECT_OBJC_ISA_USAGE = YES_ERROR;
				CLANG_WARN_DOCUMENTATION_COMMENTS = YES;
				CLANG_WARN_EMPTY_BODY = YES;
				CLANG_WARN_ENUM_CONVERSION = YES;
				CLANG_WARN_INFINITE_RECURSION = YES;
				CLANG_WARN_INT_CONVERSION = YES;
				CLANG_WARN_NON_LITERAL_NULL_CONVERSION = YES;
				CLANG_WARN_OBJC_IMPLICIT_RETAIN_SELF = YES;
				CLANG_WARN_OBJC_LITERAL_CONVERSION = YES;
				CLANG_WARN_OBJC_ROOT_CLASS = YES_ERROR;
				CLANG_WARN_RANGE_LOOP_ANALYSIS = YES;
				CLANG_WARN_STRICT_PROTOTYPES = YES;
				CLANG_WARN_SUSPICIOUS_MOVE = YES;
				CLANG_WARN_UNGUARDED_AVAILABILITY = YES_AGGRESSIVE;
				CLANG_WARN_UNREACHABLE_CODE = YES;
				CLANG_WARN__DUPLICATE_METHOD_MATCH = YES;
				COPY_PHASE_STRIP = NO;
				DEBUG_INFORMATION_FORMAT = "dwarf-with-dsym";
				ENABLE_NS_ASSERTIONS = NO;
				ENABLE_STRICT_OBJC_MSGSEND = YES;
				GCC_C_LANGUAGE_STANDARD = gnu11;
				GCC_NO_COMMON_BLOCKS = YES;
				GCC_WARN_64_TO_32_BIT_CONVERSION = YES;
				GCC_WARN_ABOUT_RETURN_TYPE = YES_ERROR;
				GCC_WARN_UNDECLARED_SELECTOR = YES;
				GCC_WARN_UNINITIALIZED_AUTOS = YES_AGGRESSIVE;
				GCC_WARN_UNUSED_FUNCTION = YES;
				GCC_WARN_UNUSED_VARIABLE = YES;
				IPHONEOS_DEPLOYMENT_TARGET = 9.0;
				MTL_ENABLE_DEBUG_INFO = NO;
				MTL_FAST_MATH = YES;
				SDKROOT = iphoneos;
				VALIDATE_PRODUCT = YES;
			};
			name = Release;
		};
		4CD786FA252C5F66007011E3 /* Debug */ = {
			isa = XCBuildConfiguration;
			buildSettings = {
				ASSETCATALOG_COMPILER_APPICON_NAME = AppIcon;
				CODE_SIGN_ENTITLEMENTS = "Github List/Github List.entitlements";
				CODE_SIGN_STYLE = Automatic;
				DEVELOPMENT_TEAM = 9KMT2XHYS7;
				INFOPLIST_FILE = "Github List/Info.plist";
				IPHONEOS_DEPLOYMENT_TARGET = 11.0;
				LD_RUNPATH_SEARCH_PATHS = (
					"$(inherited)",
					"@executable_path/Frameworks",
				);
				PRODUCT_BUNDLE_IDENTIFIER = "dispy.play.Github-List";
				PRODUCT_NAME = "$(TARGET_NAME)";
				SUPPORTS_MACCATALYST = YES;
				TARGETED_DEVICE_FAMILY = "1,2";
			};
			name = Debug;
		};
		4CD786FB252C5F66007011E3 /* Release */ = {
			isa = XCBuildConfiguration;
			buildSettings = {
				ASSETCATALOG_COMPILER_APPICON_NAME = AppIcon;
				CODE_SIGN_ENTITLEMENTS = "Github List/Github List.entitlements";
				CODE_SIGN_STYLE = Automatic;
				DEVELOPMENT_TEAM = 9KMT2XHYS7;
				INFOPLIST_FILE = "Github List/Info.plist";
				IPHONEOS_DEPLOYMENT_TARGET = 11.0;
				LD_RUNPATH_SEARCH_PATHS = (
					"$(inherited)",
					"@executable_path/Frameworks",
				);
				PRODUCT_BUNDLE_IDENTIFIER = "dispy.play.Github-List";
				PRODUCT_NAME = "$(TARGET_NAME)";
				SUPPORTS_MACCATALYST = YES;
				TARGETED_DEVICE_FAMILY = "1,2";
			};
			name = Release;
		};
		4CD786FD252C5F66007011E3 /* Debug */ = {
			isa = XCBuildConfiguration;
			buildSettings = {
				BUNDLE_LOADER = "$(TEST_HOST)";
				CODE_SIGN_STYLE = Automatic;
				INFOPLIST_FILE = "Github ListTests/Info.plist";
				IPHONEOS_DEPLOYMENT_TARGET = 13.4;
				LD_RUNPATH_SEARCH_PATHS = (
					"$(inherited)",
					"@executable_path/Frameworks",
					"@loader_path/Frameworks",
				);
				PRODUCT_BUNDLE_IDENTIFIER = "dispy.play.Github-ListTests";
				PRODUCT_NAME = "$(TARGET_NAME)";
				TARGETED_DEVICE_FAMILY = "1,2";
				TEST_HOST = "$(BUILT_PRODUCTS_DIR)/Github List.app/Github List";
			};
			name = Debug;
		};
		4CD786FE252C5F66007011E3 /* Release */ = {
			isa = XCBuildConfiguration;
			buildSettings = {
				BUNDLE_LOADER = "$(TEST_HOST)";
				CODE_SIGN_STYLE = Automatic;
				INFOPLIST_FILE = "Github ListTests/Info.plist";
				IPHONEOS_DEPLOYMENT_TARGET = 13.4;
				LD_RUNPATH_SEARCH_PATHS = (
					"$(inherited)",
					"@executable_path/Frameworks",
					"@loader_path/Frameworks",
				);
				PRODUCT_BUNDLE_IDENTIFIER = "dispy.play.Github-ListTests";
				PRODUCT_NAME = "$(TARGET_NAME)";
				TARGETED_DEVICE_FAMILY = "1,2";
				TEST_HOST = "$(BUILT_PRODUCTS_DIR)/Github List.app/Github List";
			};
			name = Release;
		};
		4CD78700252C5F66007011E3 /* Debug */ = {
			isa = XCBuildConfiguration;
			buildSettings = {
				CODE_SIGN_STYLE = Automatic;
				INFOPLIST_FILE = "Github ListUITests/Info.plist";
				LD_RUNPATH_SEARCH_PATHS = (
					"$(inherited)",
					"@executable_path/Frameworks",
					"@loader_path/Frameworks",
				);
				PRODUCT_BUNDLE_IDENTIFIER = "dispy.play.Github-ListUITests";
				PRODUCT_NAME = "$(TARGET_NAME)";
				TARGETED_DEVICE_FAMILY = "1,2";
				TEST_TARGET_NAME = "Github List";
			};
			name = Debug;
		};
		4CD78701252C5F66007011E3 /* Release */ = {
			isa = XCBuildConfiguration;
			buildSettings = {
				CODE_SIGN_STYLE = Automatic;
				INFOPLIST_FILE = "Github ListUITests/Info.plist";
				LD_RUNPATH_SEARCH_PATHS = (
					"$(inherited)",
					"@executable_path/Frameworks",
					"@loader_path/Frameworks",
				);
				PRODUCT_BUNDLE_IDENTIFIER = "dispy.play.Github-ListUITests";
				PRODUCT_NAME = "$(TARGET_NAME)";
				TARGETED_DEVICE_FAMILY = "1,2";
				TEST_TARGET_NAME = "Github List";
			};
			name = Release;
		};
/* End XCBuildConfiguration section */

/* Begin XCConfigurationList section */
		4CD786C5252C5F64007011E3 /* Build configuration list for PBXProject "Github List" */ = {
			isa = XCConfigurationList;
			buildConfigurations = (
				4CD786F7252C5F66007011E3 /* Debug */,
				4CD786F8252C5F66007011E3 /* Release */,
			);
			defaultConfigurationIsVisible = 0;
			defaultConfigurationName = Release;
		};
		4CD786F9252C5F66007011E3 /* Build configuration list for PBXNativeTarget "Github List" */ = {
			isa = XCConfigurationList;
			buildConfigurations = (
				4CD786FA252C5F66007011E3 /* Debug */,
				4CD786FB252C5F66007011E3 /* Release */,
			);
			defaultConfigurationIsVisible = 0;
			defaultConfigurationName = Release;
		};
		4CD786FC252C5F66007011E3 /* Build configuration list for PBXNativeTarget "Github ListTests" */ = {
			isa = XCConfigurationList;
			buildConfigurations = (
				4CD786FD252C5F66007011E3 /* Debug */,
				4CD786FE252C5F66007011E3 /* Release */,
			);
			defaultConfigurationIsVisible = 0;
			defaultConfigurationName = Release;
		};
		4CD786FF252C5F66007011E3 /* Build configuration list for PBXNativeTarget "Github ListUITests" */ = {
			isa = XCConfigurationList;
			buildConfigurations = (
				4CD78700252C5F66007011E3 /* Debug */,
				4CD78701252C5F66007011E3 /* Release */,
			);
			defaultConfigurationIsVisible = 0;
			defaultConfigurationName = Release;
		};
/* End XCConfigurationList section */
	};
	rootObject = 4CD786C2252C5F64007011E3 /* Project object */;
}
